
Microsoft Visual Studio Solution File, Format Version 12.00
# Visual Studio Version 17
VisualStudioVersion = 17.11.35327.3
MinimumVisualStudioVersion = 10.0.40219.1
Project("{2150E333-8FDC-42A3-9474-1A3956D46DE8}") = "GUI_X_SIM_SimDisp", "GUI_X_SIM_SimDisp", "{DE88987F-53FF-48A2-9376-91BC40302EFF}"
	ProjectSection(SolutionItems) = preProject
		GUI_X_SIM\SimDisp\SimDisp.h = GUI_X_SIM\SimDisp\SimDisp.h
		GUI_X_SIM\SimDisp\SimDisp.inl = GUI_X_SIM\SimDisp\SimDisp.inl
	EndProjectSection
EndProject
Project("{8BC9CEB8-8B4A-11D0-8D11-00A0C91BC942}") = "GUI_X_SIM", "GUI_X_SIM\GUI_X_SIM.vcxproj", "{3890D652-E371-4951-A881-D6860A493A06}"
	ProjectSection(ProjectDependencies) = postProject
		{1A6597D6-ED10-4AA9-BCB4-71FEE1A6BA3E} = {1A6597D6-ED10-4AA9-BCB4-71FEE1A6BA3E}
		{5A2A2E60-CA70-4EDD-A383-2D93D18CF668} = {5A2A2E60-CA70-4EDD-A383-2D93D18CF668}
		{D977C0AE-A9EE-467F-AE96-E4AD49702BF8} = {D977C0AE-A9EE-467F-AE96-E4AD49702BF8}
	EndProjectSection
EndProject
Project("{2150E333-8FDC-42A3-9474-1A3956D46DE8}") = "(independently test)", "(independently test)", "{6A0C0E1A-C7A6-47D5-97F3-7950CF3CABC0}"
EndProject
Project("{8BC9CEB8-8B4A-11D0-8D11-00A0C91BC942}") = "GUI", "GUI.vcxproj", "{4BA7F911-B93B-4EE8-8E21-CAD9A47B3DF9}"
	ProjectSection(ProjectDependencies) = postProject
		{3890D652-E371-4951-A881-D6860A493A06} = {3890D652-E371-4951-A881-D6860A493A06}
	EndProjectSection
EndProject
Project("{8BC9CEB8-8B4A-11D0-8D11-00A0C91BC942}") = "duktape_test", "GUI_EXT\duktape\duktape_test.vcxproj", "{95673050-BCA0-4777-9768-57A7BB5D72B4}"
EndProject
Project("{8BC9CEB8-8B4A-11D0-8D11-00A0C91BC942}") = "SimClient", "GUI_X_SIM\SimDisp\workspaces\SimClient.vcxproj", "{D977C0AE-A9EE-467F-AE96-E4AD49702BF8}"
	ProjectSection(ProjectDependencies) = postProject
		{D317B3B6-57D9-4688-BFCD-AF3815E79250} = {D317B3B6-57D9-4688-BFCD-AF3815E79250}
	EndProjectSection
EndProject
Project("{8BC9CEB8-8B4A-11D0-8D11-00A0C91BC942}") = "SimDisp", "GUI_X_SIM\SimDisp\workspaces\SimDisp.vcxproj", "{1A6597D6-ED10-4AA9-BCB4-71FEE1A6BA3E}"
	ProjectSection(ProjectDependencies) = postProject
		{5A2A2E60-CA70-4EDD-A383-2D93D18CF668} = {5A2A2E60-CA70-4EDD-A383-2D93D18CF668}
	EndProjectSection
EndProject
Project("{8BC9CEB8-8B4A-11D0-8D11-00A0C91BC942}") = "SimHost", "GUI_X_SIM\SimDisp\workspaces\SimHost.vcxproj", "{D317B3B6-57D9-4688-BFCD-AF3815E79250}"
	ProjectSection(ProjectDependencies) = postProject
		{1A6597D6-ED10-4AA9-BCB4-71FEE1A6BA3E} = {1A6597D6-ED10-4AA9-BCB4-71FEE1A6BA3E}
	EndProjectSection
EndProject
Project("{8BC9CEB8-8B4A-11D0-8D11-00A0C91BC942}") = "SimDisp_test", "GUI_X_SIM\SimDisp\workspaces\SimDisp_test.vcxproj", "{7B9801CA-90FF-42E4-9828-8DA0342220AF}"
	ProjectSection(ProjectDependencies) = postProject
		{1A6597D6-ED10-4AA9-BCB4-71FEE1A6BA3E} = {1A6597D6-ED10-4AA9-BCB4-71FEE1A6BA3E}
		{D977C0AE-A9EE-467F-AE96-E4AD49702BF8} = {D977C0AE-A9EE-467F-AE96-E4AD49702BF8}
	EndProjectSection
EndProject
Project("{8BC9CEB8-8B4A-11D0-8D11-00A0C91BC942}") = "wx_test", "Tools\wx\wx_test\wx_test.vcxproj", "{5A2A2E60-CA70-4EDD-A383-2D93D18CF668}"
EndProject
Project("{2150E333-8FDC-42A3-9474-1A3956D46DE8}") = "Tools", "Tools", "{02EA681E-C7D8-13C7-8484-4AC65E1B71E8}"
EndProject
Project("{8BC9CEB8-8B4A-11D0-8D11-00A0C91BC942}") = "font_maker", "Tools\font_maker\font_maker.vcxproj", "{06C120F6-D80F-4ECA-A074-2A96CBEF40D9}"
	ProjectSection(ProjectDependencies) = postProject
		{5A2A2E60-CA70-4EDD-A383-2D93D18CF668} = {5A2A2E60-CA70-4EDD-A383-2D93D18CF668}
		{78B079BD-9FC7-4B9E-B4A6-96DA0F00248B} = {78B079BD-9FC7-4B9E-B4A6-96DA0F00248B}
	EndProjectSection
EndProject
Project("{8BC9CEB8-8B4A-11D0-8D11-00A0C91BC942}") = "freetype", "Tools\font_maker\freetype\builds\windows\vc2010\freetype.vcxproj", "{78B079BD-9FC7-4B9E-B4A6-96DA0F00248B}"
EndProject
Global
	GlobalSection(SolutionConfigurationPlatforms) = preSolution
		Debug LLVM|x64 = Debug LLVM|x64
		Debug LLVM|x86 = Debug LLVM|x86
		Debug|x64 = Debug|x64
		Debug|x86 = Debug|x86
		Release LLVM|x64 = Release LLVM|x64
		Release LLVM|x86 = Release LLVM|x86
		Release|x64 = Release|x64
		Release|x86 = Release|x86
	EndGlobalSection
	GlobalSection(ProjectConfigurationPlatforms) = postSolution
		{3890D652-E371-4951-A881-D6860A493A06}.Debug LLVM|x64.ActiveCfg = Debug LLVM|x64
		{3890D652-E371-4951-A881-D6860A493A06}.Debug LLVM|x64.Build.0 = Debug LLVM|x64
		{3890D652-E371-4951-A881-D6860A493A06}.Debug LLVM|x86.ActiveCfg = Debug LLVM|Win32
		{3890D652-E371-4951-A881-D6860A493A06}.Debug LLVM|x86.Build.0 = Debug LLVM|Win32
		{3890D652-E371-4951-A881-D6860A493A06}.Debug|x64.ActiveCfg = Debug|x64
		{3890D652-E371-4951-A881-D6860A493A06}.Debug|x64.Build.0 = Debug|x64
		{3890D652-E371-4951-A881-D6860A493A06}.Debug|x86.ActiveCfg = Debug|Win32
		{3890D652-E371-4951-A881-D6860A493A06}.Debug|x86.Build.0 = Debug|Win32
		{3890D652-E371-4951-A881-D6860A493A06}.Release LLVM|x64.ActiveCfg = Release LLVM|x64
		{3890D652-E371-4951-A881-D6860A493A06}.Release LLVM|x64.Build.0 = Release LLVM|x64
		{3890D652-E371-4951-A881-D6860A493A06}.Release LLVM|x86.ActiveCfg = Release LLVM|Win32
		{3890D652-E371-4951-A881-D6860A493A06}.Release LLVM|x86.Build.0 = Release LLVM|Win32
		{3890D652-E371-4951-A881-D6860A493A06}.Release|x64.ActiveCfg = Release|x64
		{3890D652-E371-4951-A881-D6860A493A06}.Release|x64.Build.0 = Release|x64
		{3890D652-E371-4951-A881-D6860A493A06}.Release|x86.ActiveCfg = Release|Win32
		{3890D652-E371-4951-A881-D6860A493A06}.Release|x86.Build.0 = Release|Win32
		{4BA7F911-B93B-4EE8-8E21-CAD9A47B3DF9}.Debug LLVM|x64.ActiveCfg = Debug LLVM|x64
		{4BA7F911-B93B-4EE8-8E21-CAD9A47B3DF9}.Debug LLVM|x64.Build.0 = Debug LLVM|x64
		{4BA7F911-B93B-4EE8-8E21-CAD9A47B3DF9}.Debug LLVM|x86.ActiveCfg = Debug LLVM|Win32
		{4BA7F911-B93B-4EE8-8E21-CAD9A47B3DF9}.Debug LLVM|x86.Build.0 = Debug LLVM|Win32
		{4BA7F911-B93B-4EE8-8E21-CAD9A47B3DF9}.Debug|x64.ActiveCfg = Debug|x64
		{4BA7F911-B93B-4EE8-8E21-CAD9A47B3DF9}.Debug|x64.Build.0 = Debug|x64
		{4BA7F911-B93B-4EE8-8E21-CAD9A47B3DF9}.Debug|x86.ActiveCfg = Debug|Win32
		{4BA7F911-B93B-4EE8-8E21-CAD9A47B3DF9}.Debug|x86.Build.0 = Debug|Win32
		{4BA7F911-B93B-4EE8-8E21-CAD9A47B3DF9}.Release LLVM|x64.ActiveCfg = Release LLVM|x64
		{4BA7F911-B93B-4EE8-8E21-CAD9A47B3DF9}.Release LLVM|x64.Build.0 = Release LLVM|x64
		{4BA7F911-B93B-4EE8-8E21-CAD9A47B3DF9}.Release LLVM|x86.ActiveCfg = Release LLVM|Win32
		{4BA7F911-B93B-4EE8-8E21-CAD9A47B3DF9}.Release LLVM|x86.Build.0 = Release LLVM|Win32
		{4BA7F911-B93B-4EE8-8E21-CAD9A47B3DF9}.Release|x64.ActiveCfg = Release|x64
		{4BA7F911-B93B-4EE8-8E21-CAD9A47B3DF9}.Release|x64.Build.0 = Release|x64
		{4BA7F911-B93B-4EE8-8E21-CAD9A47B3DF9}.Release|x86.ActiveCfg = Release|Win32
		{4BA7F911-B93B-4EE8-8E21-CAD9A47B3DF9}.Release|x86.Build.0 = Release|Win32
		{95673050-BCA0-4777-9768-57A7BB5D72B4}.Debug LLVM|x64.ActiveCfg = Debug LLVM|x64
		{95673050-BCA0-4777-9768-57A7BB5D72B4}.Debug LLVM|x64.Build.0 = Debug LLVM|x64
		{95673050-BCA0-4777-9768-57A7BB5D72B4}.Debug LLVM|x86.ActiveCfg = Debug LLVM|Win32
		{95673050-BCA0-4777-9768-57A7BB5D72B4}.Debug LLVM|x86.Build.0 = Debug LLVM|Win32
		{95673050-BCA0-4777-9768-57A7BB5D72B4}.Debug|x64.ActiveCfg = Debug|x64
		{95673050-BCA0-4777-9768-57A7BB5D72B4}.Debug|x64.Build.0 = Debug|x64
		{95673050-BCA0-4777-9768-57A7BB5D72B4}.Debug|x86.ActiveCfg = Debug|Win32
		{95673050-BCA0-4777-9768-57A7BB5D72B4}.Debug|x86.Build.0 = Debug|Win32
		{95673050-BCA0-4777-9768-57A7BB5D72B4}.Release LLVM|x64.ActiveCfg = Release LLVM|x64
		{95673050-BCA0-4777-9768-57A7BB5D72B4}.Release LLVM|x64.Build.0 = Release LLVM|x64
		{95673050-BCA0-4777-9768-57A7BB5D72B4}.Release LLVM|x86.ActiveCfg = Release LLVM|Win32
		{95673050-BCA0-4777-9768-57A7BB5D72B4}.Release LLVM|x86.Build.0 = Release LLVM|Win32
		{95673050-BCA0-4777-9768-57A7BB5D72B4}.Release|x64.ActiveCfg = Release|x64
		{95673050-BCA0-4777-9768-57A7BB5D72B4}.Release|x64.Build.0 = Release|x64
		{95673050-BCA0-4777-9768-57A7BB5D72B4}.Release|x86.ActiveCfg = Release|Win32
		{95673050-BCA0-4777-9768-57A7BB5D72B4}.Release|x86.Build.0 = Release|Win32
		{D977C0AE-A9EE-467F-AE96-E4AD49702BF8}.Debug LLVM|x64.ActiveCfg = Debug LLVM|x64
		{D977C0AE-A9EE-467F-AE96-E4AD49702BF8}.Debug LLVM|x64.Build.0 = Debug LLVM|x64
		{D977C0AE-A9EE-467F-AE96-E4AD49702BF8}.Debug LLVM|x86.ActiveCfg = Debug LLVM|Win32
		{D977C0AE-A9EE-467F-AE96-E4AD49702BF8}.Debug LLVM|x86.Build.0 = Debug LLVM|Win32
		{D977C0AE-A9EE-467F-AE96-E4AD49702BF8}.Debug|x64.ActiveCfg = Debug|x64
		{D977C0AE-A9EE-467F-AE96-E4AD49702BF8}.Debug|x64.Build.0 = Debug|x64
		{D977C0AE-A9EE-467F-AE96-E4AD49702BF8}.Debug|x86.ActiveCfg = Debug|Win32
		{D977C0AE-A9EE-467F-AE96-E4AD49702BF8}.Debug|x86.Build.0 = Debug|Win32
		{D977C0AE-A9EE-467F-AE96-E4AD49702BF8}.Release LLVM|x64.ActiveCfg = Release LLVM|x64
		{D977C0AE-A9EE-467F-AE96-E4AD49702BF8}.Release LLVM|x64.Build.0 = Release LLVM|x64
		{D977C0AE-A9EE-467F-AE96-E4AD49702BF8}.Release LLVM|x86.ActiveCfg = Release LLVM|Win32
		{D977C0AE-A9EE-467F-AE96-E4AD49702BF8}.Release LLVM|x86.Build.0 = Release LLVM|Win32
		{D977C0AE-A9EE-467F-AE96-E4AD49702BF8}.Release|x64.ActiveCfg = Release|x64
		{D977C0AE-A9EE-467F-AE96-E4AD49702BF8}.Release|x64.Build.0 = Release|x64
		{D977C0AE-A9EE-467F-AE96-E4AD49702BF8}.Release|x86.ActiveCfg = Release|Win32
		{D977C0AE-A9EE-467F-AE96-E4AD49702BF8}.Release|x86.Build.0 = Release|Win32
		{1A6597D6-ED10-4AA9-BCB4-71FEE1A6BA3E}.Debug LLVM|x64.ActiveCfg = Debug LLVM|x64
		{1A6597D6-ED10-4AA9-BCB4-71FEE1A6BA3E}.Debug LLVM|x64.Build.0 = Debug LLVM|x64
		{1A6597D6-ED10-4AA9-BCB4-71FEE1A6BA3E}.Debug LLVM|x86.ActiveCfg = Debug LLVM|Win32
		{1A6597D6-ED10-4AA9-BCB4-71FEE1A6BA3E}.Debug LLVM|x86.Build.0 = Debug LLVM|Win32
		{1A6597D6-ED10-4AA9-BCB4-71FEE1A6BA3E}.Debug|x64.ActiveCfg = Debug|x64
		{1A6597D6-ED10-4AA9-BCB4-71FEE1A6BA3E}.Debug|x64.Build.0 = Debug|x64
		{1A6597D6-ED10-4AA9-BCB4-71FEE1A6BA3E}.Debug|x86.ActiveCfg = Debug|Win32
		{1A6597D6-ED10-4AA9-BCB4-71FEE1A6BA3E}.Debug|x86.Build.0 = Debug|Win32
		{1A6597D6-ED10-4AA9-BCB4-71FEE1A6BA3E}.Release LLVM|x64.ActiveCfg = Release LLVM|x64
		{1A6597D6-ED10-4AA9-BCB4-71FEE1A6BA3E}.Release LLVM|x64.Build.0 = Release LLVM|x64
		{1A6597D6-ED10-4AA9-BCB4-71FEE1A6BA3E}.Release LLVM|x86.ActiveCfg = Release LLVM|Win32
		{1A6597D6-ED10-4AA9-BCB4-71FEE1A6BA3E}.Release LLVM|x86.Build.0 = Release LLVM|Win32
		{1A6597D6-ED10-4AA9-BCB4-71FEE1A6BA3E}.Release|x64.ActiveCfg = Release|x64
		{1A6597D6-ED10-4AA9-BCB4-71FEE1A6BA3E}.Release|x64.Build.0 = Release|x64
		{1A6597D6-ED10-4AA9-BCB4-71FEE1A6BA3E}.Release|x86.ActiveCfg = Release|Win32
		{1A6597D6-ED10-4AA9-BCB4-71FEE1A6BA3E}.Release|x86.Build.0 = Release|Win32
		{D317B3B6-57D9-4688-BFCD-AF3815E79250}.Debug LLVM|x64.ActiveCfg = Debug LLVM|x64
		{D317B3B6-57D9-4688-BFCD-AF3815E79250}.Debug LLVM|x64.Build.0 = Debug LLVM|x64
		{D317B3B6-57D9-4688-BFCD-AF3815E79250}.Debug LLVM|x86.ActiveCfg = Debug LLVM|Win32
		{D317B3B6-57D9-4688-BFCD-AF3815E79250}.Debug LLVM|x86.Build.0 = Debug LLVM|Win32
		{D317B3B6-57D9-4688-BFCD-AF3815E79250}.Debug|x64.ActiveCfg = Debug|x64
		{D317B3B6-57D9-4688-BFCD-AF3815E79250}.Debug|x64.Build.0 = Debug|x64
		{D317B3B6-57D9-4688-BFCD-AF3815E79250}.Debug|x86.ActiveCfg = Debug|Win32
		{D317B3B6-57D9-4688-BFCD-AF3815E79250}.Debug|x86.Build.0 = Debug|Win32
		{D317B3B6-57D9-4688-BFCD-AF3815E79250}.Release LLVM|x64.ActiveCfg = Release LLVM|x64
		{D317B3B6-57D9-4688-BFCD-AF3815E79250}.Release LLVM|x64.Build.0 = Release LLVM|x64
		{D317B3B6-57D9-4688-BFCD-AF3815E79250}.Release LLVM|x86.ActiveCfg = Release LLVM|Win32
		{D317B3B6-57D9-4688-BFCD-AF3815E79250}.Release LLVM|x86.Build.0 = Release LLVM|Win32
		{D317B3B6-57D9-4688-BFCD-AF3815E79250}.Release|x64.ActiveCfg = Release|x64
		{D317B3B6-57D9-4688-BFCD-AF3815E79250}.Release|x64.Build.0 = Release|x64
		{D317B3B6-57D9-4688-BFCD-AF3815E79250}.Release|x86.ActiveCfg = Release|Win32
		{D317B3B6-57D9-4688-BFCD-AF3815E79250}.Release|x86.Build.0 = Release|Win32
		{7B9801CA-90FF-42E4-9828-8DA0342220AF}.Debug LLVM|x64.ActiveCfg = Debug LLVM|x64
		{7B9801CA-90FF-42E4-9828-8DA0342220AF}.Debug LLVM|x64.Build.0 = Debug LLVM|x64
		{7B9801CA-90FF-42E4-9828-8DA0342220AF}.Debug LLVM|x86.ActiveCfg = Debug LLVM|Win32
		{7B9801CA-90FF-42E4-9828-8DA0342220AF}.Debug LLVM|x86.Build.0 = Debug LLVM|Win32
		{7B9801CA-90FF-42E4-9828-8DA0342220AF}.Debug|x64.ActiveCfg = Debug|x64
		{7B9801CA-90FF-42E4-9828-8DA0342220AF}.Debug|x64.Build.0 = Debug|x64
		{7B9801CA-90FF-42E4-9828-8DA0342220AF}.Debug|x86.ActiveCfg = Debug|Win32
		{7B9801CA-90FF-42E4-9828-8DA0342220AF}.Debug|x86.Build.0 = Debug|Win32
		{7B9801CA-90FF-42E4-9828-8DA0342220AF}.Release LLVM|x64.ActiveCfg = Release LLVM|x64
		{7B9801CA-90FF-42E4-9828-8DA0342220AF}.Release LLVM|x64.Build.0 = Release LLVM|x64
		{7B9801CA-90FF-42E4-9828-8DA0342220AF}.Release LLVM|x86.ActiveCfg = Release LLVM|Win32
		{7B9801CA-90FF-42E4-9828-8DA0342220AF}.Release LLVM|x86.Build.0 = Release LLVM|Win32
		{7B9801CA-90FF-42E4-9828-8DA0342220AF}.Release|x64.ActiveCfg = Release|x64
		{7B9801CA-90FF-42E4-9828-8DA0342220AF}.Release|x64.Build.0 = Release|x64
		{7B9801CA-90FF-42E4-9828-8DA0342220AF}.Release|x86.ActiveCfg = Release|Win32
		{7B9801CA-90FF-42E4-9828-8DA0342220AF}.Release|x86.Build.0 = Release|Win32
		{5A2A2E60-CA70-4EDD-A383-2D93D18CF668}.Debug LLVM|x64.ActiveCfg = Debug LLVM|x64
		{5A2A2E60-CA70-4EDD-A383-2D93D18CF668}.Debug LLVM|x64.Build.0 = Debug LLVM|x64
		{5A2A2E60-CA70-4EDD-A383-2D93D18CF668}.Debug LLVM|x86.ActiveCfg = Debug LLVM|Win32
		{5A2A2E60-CA70-4EDD-A383-2D93D18CF668}.Debug LLVM|x86.Build.0 = Debug LLVM|Win32
		{5A2A2E60-CA70-4EDD-A383-2D93D18CF668}.Debug|x64.ActiveCfg = Debug|x64
		{5A2A2E60-CA70-4EDD-A383-2D93D18CF668}.Debug|x64.Build.0 = Debug|x64
		{5A2A2E60-CA70-4EDD-A383-2D93D18CF668}.Debug|x86.ActiveCfg = Debug|Win32
		{5A2A2E60-CA70-4EDD-A383-2D93D18CF668}.Debug|x86.Build.0 = Debug|Win32
		{5A2A2E60-CA70-4EDD-A383-2D93D18CF668}.Release LLVM|x64.ActiveCfg = Release LLVM|x64
		{5A2A2E60-CA70-4EDD-A383-2D93D18CF668}.Release LLVM|x64.Build.0 = Release LLVM|x64
		{5A2A2E60-CA70-4EDD-A383-2D93D18CF668}.Release LLVM|x86.ActiveCfg = Release LLVM|Win32
		{5A2A2E60-CA70-4EDD-A383-2D93D18CF668}.Release LLVM|x86.Build.0 = Release LLVM|Win32
		{5A2A2E60-CA70-4EDD-A383-2D93D18CF668}.Release|x64.ActiveCfg = Release|x64
		{5A2A2E60-CA70-4EDD-A383-2D93D18CF668}.Release|x64.Build.0 = Release|x64
		{5A2A2E60-CA70-4EDD-A383-2D93D18CF668}.Release|x86.ActiveCfg = Release|Win32
		{5A2A2E60-CA70-4EDD-A383-2D93D18CF668}.Release|x86.Build.0 = Release|Win32
		{06C120F6-D80F-4ECA-A074-2A96CBEF40D9}.Debug LLVM|x64.ActiveCfg = Debug LLVM|x64
		{06C120F6-D80F-4ECA-A074-2A96CBEF40D9}.Debug LLVM|x64.Build.0 = Debug LLVM|x64
		{06C120F6-D80F-4ECA-A074-2A96CBEF40D9}.Debug LLVM|x86.ActiveCfg = Debug LLVM|Win32
		{06C120F6-D80F-4ECA-A074-2A96CBEF40D9}.Debug LLVM|x86.Build.0 = Debug LLVM|Win32
		{06C120F6-D80F-4ECA-A074-2A96CBEF40D9}.Debug|x64.ActiveCfg = Debug|x64
		{06C120F6-D80F-4ECA-A074-2A96CBEF40D9}.Debug|x64.Build.0 = Debug|x64
		{06C120F6-D80F-4ECA-A074-2A96CBEF40D9}.Debug|x86.ActiveCfg = Debug|Win32
		{06C120F6-D80F-4ECA-A074-2A96CBEF40D9}.Debug|x86.Build.0 = Debug|Win32
		{06C120F6-D80F-4ECA-A074-2A96CBEF40D9}.Release LLVM|x64.ActiveCfg = Release LLVM|x64
		{06C120F6-D80F-4ECA-A074-2A96CBEF40D9}.Release LLVM|x64.Build.0 = Release LLVM|x64
		{06C120F6-D80F-4ECA-A074-2A96CBEF40D9}.Release LLVM|x86.ActiveCfg = Release LLVM|Win32
		{06C120F6-D80F-4ECA-A074-2A96CBEF40D9}.Release LLVM|x86.Build.0 = Release LLVM|Win32
		{06C120F6-D80F-4ECA-A074-2A96CBEF40D9}.Release|x64.ActiveCfg = Release|x64
		{06C120F6-D80F-4ECA-A074-2A96CBEF40D9}.Release|x64.Build.0 = Release|x64
		{06C120F6-D80F-4ECA-A074-2A96CBEF40D9}.Release|x86.ActiveCfg = Release|Win32
		{06C120F6-D80F-4ECA-A074-2A96CBEF40D9}.Release|x86.Build.0 = Release|Win32
		{78B079BD-9FC7-4B9E-B4A6-96DA0F00248B}.Debug LLVM|x64.ActiveCfg = Debug Static|x64
		{78B079BD-9FC7-4B9E-B4A6-96DA0F00248B}.Debug LLVM|x64.Build.0 = Debug Static|x64
		{78B079BD-9FC7-4B9E-B4A6-96DA0F00248B}.Debug LLVM|x86.ActiveCfg = Debug Static|Win32
		{78B079BD-9FC7-4B9E-B4A6-96DA0F00248B}.Debug LLVM|x86.Build.0 = Debug Static|Win32
		{78B079BD-9FC7-4B9E-B4A6-96DA0F00248B}.Debug|x64.ActiveCfg = Debug Static|x64
		{78B079BD-9FC7-4B9E-B4A6-96DA0F00248B}.Debug|x64.Build.0 = Debug Static|x64
		{78B079BD-9FC7-4B9E-B4A6-96DA0F00248B}.Debug|x86.ActiveCfg = Debug Static|Win32
		{78B079BD-9FC7-4B9E-B4A6-96DA0F00248B}.Debug|x86.Build.0 = Debug Static|Win32
		{78B079BD-9FC7-4B9E-B4A6-96DA0F00248B}.Release LLVM|x64.ActiveCfg = Release Static|x64
		{78B079BD-9FC7-4B9E-B4A6-96DA0F00248B}.Release LLVM|x64.Build.0 = Release Static|x64
		{78B079BD-9FC7-4B9E-B4A6-96DA0F00248B}.Release LLVM|x86.ActiveCfg = Release Static|Win32
		{78B079BD-9FC7-4B9E-B4A6-96DA0F00248B}.Release LLVM|x86.Build.0 = Release Static|Win32
		{78B079BD-9FC7-4B9E-B4A6-96DA0F00248B}.Release|x64.ActiveCfg = Release Static|x64
		{78B079BD-9FC7-4B9E-B4A6-96DA0F00248B}.Release|x64.Build.0 = Release Static|x64
		{78B079BD-9FC7-4B9E-B4A6-96DA0F00248B}.Release|x86.ActiveCfg = Release Static|Win32
		{78B079BD-9FC7-4B9E-B4A6-96DA0F00248B}.Release|x86.Build.0 = Release Static|Win32
	EndGlobalSection
	GlobalSection(SolutionProperties) = preSolution
		HideSolutionNode = FALSE
	EndGlobalSection
	GlobalSection(NestedProjects) = preSolution
		{95673050-BCA0-4777-9768-57A7BB5D72B4} = {6A0C0E1A-C7A6-47D5-97F3-7950CF3CABC0}
		{D977C0AE-A9EE-467F-AE96-E4AD49702BF8} = {DE88987F-53FF-48A2-9376-91BC40302EFF}
		{1A6597D6-ED10-4AA9-BCB4-71FEE1A6BA3E} = {DE88987F-53FF-48A2-9376-91BC40302EFF}
		{D317B3B6-57D9-4688-BFCD-AF3815E79250} = {DE88987F-53FF-48A2-9376-91BC40302EFF}
		{7B9801CA-90FF-42E4-9828-8DA0342220AF} = {6A0C0E1A-C7A6-47D5-97F3-7950CF3CABC0}
		{5A2A2E60-CA70-4EDD-A383-2D93D18CF668} = {6A0C0E1A-C7A6-47D5-97F3-7950CF3CABC0}
		{06C120F6-D80F-4ECA-A074-2A96CBEF40D9} = {02EA681E-C7D8-13C7-8484-4AC65E1B71E8}
		{78B079BD-9FC7-4B9E-B4A6-96DA0F00248B} = {02EA681E-C7D8-13C7-8484-4AC65E1B71E8}
	EndGlobalSection
	GlobalSection(ExtensibilityGlobals) = postSolution
		SolutionGuid = {E64EFFC7-004E-4D0E-B4C8-4E02AAA5795B}
	EndGlobalSection
EndGlobal
