<?xml version="1.0" encoding="utf-8"?>
<Project ToolsVersion="4.0" xmlns="http://schemas.microsoft.com/developer/msbuild/2003">
  <ItemGroup>
    <Filter Include="GUI">
      <UniqueIdentifier>{1e71d23b-ba10-4d64-b0ee-6c766f2b19db}</UniqueIdentifier>
    </Filter>
    <Filter Include="GUI_X_LCD">
      <UniqueIdentifier>{206fdd61-b446-4ded-be6c-4021f972e1d1}</UniqueIdentifier>
    </Filter>
    <Filter Include="tests">
      <UniqueIdentifier>{de1c55d6-989f-4081-b89d-594e4c4eaec3}</UniqueIdentifier>
    </Filter>
    <Filter Include="GUI\Resources">
      <UniqueIdentifier>{0df0d7fb-2e9c-43ef-9387-4b5eae5e8764}</UniqueIdentifier>
    </Filter>
    <Filter Include="GUI\Widgets">
      <UniqueIdentifier>{ae0b581c-15b7-4d6b-ae36-0f243ef12aab}</UniqueIdentifier>
    </Filter>
  </ItemGroup>
  <ItemGroup>
    <ClCompile Include="GUI_X\GUI_X_LCD.cc">
      <Filter>GUI_X_LCD</Filter>
    </ClCompile>
    <ClCompile Include="main.cc" />
    <ClCompile Include="tests\test_listbox_dropdown.cc">
      <Filter>tests</Filter>
    </ClCompile>
    <ClCompile Include="tests\test_osk.cc">
      <Filter>tests</Filter>
    </ClCompile>
    <ClCompile Include="tests\test_checkbox_radio.cpp">
      <Filter>tests</Filter>
    </ClCompile>
    <ClCompile Include="tests\test_progbar.cpp">
      <Filter>tests</Filter>
    </ClCompile>
    <ClCompile Include="GUI\GUI_Memory.cc">
      <Filter>GUI</Filter>
    </ClCompile>
    <ClCompile Include="GUI\GUI_Core.cc">
      <Filter>GUI</Filter>
    </ClCompile>
    <ClCompile Include="GUI\Widgets\Button.cc">
      <Filter>GUI\Widgets</Filter>
    </ClCompile>
    <ClCompile Include="GUI\Widgets\CheckBox.cc">
      <Filter>GUI\Widgets</Filter>
    </ClCompile>
    <ClCompile Include="GUI\Widgets\DropDown.cc">
      <Filter>GUI\Widgets</Filter>
    </ClCompile>
    <ClCompile Include="GUI\Widgets\Frame.cc">
      <Filter>GUI\Widgets</Filter>
    </ClCompile>
    <ClCompile Include="GUI\Widgets\ListBox.cc">
      <Filter>GUI\Widgets</Filter>
    </ClCompile>
    <ClCompile Include="GUI\Widgets\Menu.cc">
      <Filter>GUI\Widgets</Filter>
    </ClCompile>
    <ClCompile Include="GUI\Widgets\ProgBar.cc">
      <Filter>GUI\Widgets</Filter>
    </ClCompile>
    <ClCompile Include="GUI\Widgets\Radio.cc">
      <Filter>GUI\Widgets</Filter>
    </ClCompile>
    <ClCompile Include="GUI\Widgets\ScrollBar.cc">
      <Filter>GUI\Widgets</Filter>
    </ClCompile>
    <ClCompile Include="GUI\Widgets\Slider.cc">
      <Filter>GUI\Widgets</Filter>
    </ClCompile>
    <ClCompile Include="GUI\Widgets\Static.cc">
      <Filter>GUI\Widgets</Filter>
    </ClCompile>
    <ClCompile Include="GUI\WM.cc">
      <Filter>GUI</Filter>
    </ClCompile>
    <ClCompile Include="GUI\Resources\GUI_CursorArrowM.cc">
      <Filter>GUI\Resources</Filter>
    </ClCompile>
    <ClCompile Include="GUI\Resources\GUI_Font13_1.cc">
      <Filter>GUI\Resources</Filter>
    </ClCompile>
    <ClCompile Include="GUI\Resources\GUI_Font13_ASCII.cc">
      <Filter>GUI\Resources</Filter>
    </ClCompile>
  </ItemGroup>
  <ItemGroup>
    <ClInclude Include="GUI\GUI.h">
      <Filter>GUI</Filter>
    </ClInclude>
    <ClInclude Include="GUI\GUI_Array.h">
      <Filter>GUI</Filter>
    </ClInclude>
    <ClInclude Include="GUI\Widgets\Button.h">
      <Filter>GUI\Widgets</Filter>
    </ClInclude>
    <ClInclude Include="GUI\Widgets\CheckBox.h">
      <Filter>GUI\Widgets</Filter>
    </ClInclude>
    <ClInclude Include="GUI\Widgets\DropDown.h">
      <Filter>GUI\Widgets</Filter>
    </ClInclude>
    <ClInclude Include="GUI\Widgets\Frame.h">
      <Filter>GUI\Widgets</Filter>
    </ClInclude>
    <ClInclude Include="GUI\Widgets\ListBox.h">
      <Filter>GUI\Widgets</Filter>
    </ClInclude>
    <ClInclude Include="GUI\Widgets\Menu.h">
      <Filter>GUI\Widgets</Filter>
    </ClInclude>
    <ClInclude Include="GUI\Widgets\ProgBar.h">
      <Filter>GUI\Widgets</Filter>
    </ClInclude>
    <ClInclude Include="GUI\Widgets\Radio.h">
      <Filter>GUI\Widgets</Filter>
    </ClInclude>
    <ClInclude Include="GUI\Widgets\ScrollBar.h">
      <Filter>GUI\Widgets</Filter>
    </ClInclude>
    <ClInclude Include="GUI\Widgets\Slider.h">
      <Filter>GUI\Widgets</Filter>
    </ClInclude>
    <ClInclude Include="GUI\Widgets\Static.h">
      <Filter>GUI\Widgets</Filter>
    </ClInclude>
    <ClInclude Include="GUI\WM.h">
      <Filter>GUI</Filter>
    </ClInclude>
  </ItemGroup>
  <ItemGroup>
    <None Include="GUI\GUI.inl">
      <Filter>GUI</Filter>
    </None>
    <None Include="GUI\WM.inl">
      <Filter>GUI</Filter>
    </None>
    <None Include="GUI\Resources\Resources.inl">
      <Filter>GUI\Resources</Filter>
    </None>
  </ItemGroup>
</Project>