<?xml version="1.0" encoding="utf-8"?>
<Project ToolsVersion="4.0" xmlns="http://schemas.microsoft.com/developer/msbuild/2003">
  <ItemGroup>
    <Filter Include="GUI">
      <UniqueIdentifier>{1e71d23b-ba10-4d64-b0ee-6c766f2b19db}</UniqueIdentifier>
    </Filter>
    <Filter Include="GUI\Widget">
      <UniqueIdentifier>{ae0b581c-15b7-4d6b-ae36-0f243ef12aab}</UniqueIdentifier>
    </Filter>
    <Filter Include="GUI\Widget\Controls">
      <UniqueIdentifier>{82419740-5f13-444a-b801-7457bd5b68b4}</UniqueIdentifier>
    </Filter>
    <Filter Include="GUI_X_LCD">
      <UniqueIdentifier>{206fdd61-b446-4ded-be6c-4021f972e1d1}</UniqueIdentifier>
    </Filter>
    <Filter Include="tests">
      <UniqueIdentifier>{de1c55d6-989f-4081-b89d-594e4c4eaec3}</UniqueIdentifier>
    </Filter>
    <Filter Include="GUI\Resources">
      <UniqueIdentifier>{0df0d7fb-2e9c-43ef-9387-4b5eae5e8764}</UniqueIdentifier>
    </Filter>
  </ItemGroup>
  <ItemGroup>
    <ClCompile Include="GUI_X\GUI_X_LCD.cc">
      <Filter>GUI_X_LCD</Filter>
    </ClCompile>
    <ClCompile Include="GUI_X\GUI_X_LCDA.cc">
      <Filter>GUI_X_LCD</Filter>
    </ClCompile>
    <ClCompile Include="GUI\Widget\Button.cc">
      <Filter>GUI\Widget\Controls</Filter>
    </ClCompile>
    <ClCompile Include="GUI\Widget\CheckBox.cc">
      <Filter>GUI\Widget\Controls</Filter>
    </ClCompile>
    <ClCompile Include="GUI\Widget\DropDown.cc">
      <Filter>GUI\Widget\Controls</Filter>
    </ClCompile>
    <ClCompile Include="GUI\Widget\Edit.cc">
      <Filter>GUI\Widget\Controls</Filter>
    </ClCompile>
    <ClCompile Include="GUI\Widget\Header.cc">
      <Filter>GUI\Widget\Controls</Filter>
    </ClCompile>
    <ClCompile Include="GUI\Widget\ListBox.cc">
      <Filter>GUI\Widget\Controls</Filter>
    </ClCompile>
    <ClCompile Include="GUI\Widget\ListView.cc">
      <Filter>GUI\Widget\Controls</Filter>
    </ClCompile>
    <ClCompile Include="GUI\Widget\Menu.cc">
      <Filter>GUI\Widget\Controls</Filter>
    </ClCompile>
    <ClCompile Include="GUI\Widget\MultiEdit.cc">
      <Filter>GUI\Widget\Controls</Filter>
    </ClCompile>
    <ClCompile Include="GUI\Widget\MultiPage.cc">
      <Filter>GUI\Widget\Controls</Filter>
    </ClCompile>
    <ClCompile Include="GUI\Widget\ProgBar.cc">
      <Filter>GUI\Widget\Controls</Filter>
    </ClCompile>
    <ClCompile Include="GUI\Widget\Radio.cc">
      <Filter>GUI\Widget\Controls</Filter>
    </ClCompile>
    <ClCompile Include="GUI\Widget\ScrollBar.cc">
      <Filter>GUI\Widget\Controls</Filter>
    </ClCompile>
    <ClCompile Include="GUI\Widget\Slider.cc">
      <Filter>GUI\Widget\Controls</Filter>
    </ClCompile>
    <ClCompile Include="GUI\Widget\Static.cc">
      <Filter>GUI\Widget\Controls</Filter>
    </ClCompile>
    <ClCompile Include="main.cc" />
    <ClCompile Include="GUI\Widget\WM.cc">
      <Filter>GUI\Widget</Filter>
    </ClCompile>
    <ClCompile Include="GUI\Widget\Frame.cc">
      <Filter>GUI\Widget\Controls</Filter>
    </ClCompile>
    <ClCompile Include="tests\test_listbox_dropdown.cc">
      <Filter>tests</Filter>
    </ClCompile>
    <ClCompile Include="tests\test_osk.cc">
      <Filter>tests</Filter>
    </ClCompile>
    <ClCompile Include="tests\test_checkbox_radio.cpp">
      <Filter>tests</Filter>
    </ClCompile>
    <ClCompile Include="tests\test_progbar.cpp">
      <Filter>tests</Filter>
    </ClCompile>
    <ClCompile Include="GUI\GUI_Memory.cc">
      <Filter>GUI</Filter>
    </ClCompile>
    <ClCompile Include="GUI\GUI_OnKey.cc">
      <Filter>GUI</Filter>
    </ClCompile>
    <ClCompile Include="GUI\GUI_UC.cc">
      <Filter>GUI</Filter>
    </ClCompile>
    <ClCompile Include="GUI\GUI_UC_EncodeNone.cc">
      <Filter>GUI</Filter>
    </ClCompile>
    <ClCompile Include="GUI\GUIChar.cc">
      <Filter>GUI</Filter>
    </ClCompile>
    <ClCompile Include="GUI\GUICore.cc">
      <Filter>GUI</Filter>
    </ClCompile>
    <ClCompile Include="GUI\GUI_Cursor.cc">
      <Filter>GUI</Filter>
    </ClCompile>
    <ClCompile Include="GUI\GUILCD.cc">
      <Filter>GUI</Filter>
    </ClCompile>
    <ClCompile Include="GUI\Resources\GUI_Font6x8_9.cc">
      <Filter>GUI\Resources</Filter>
    </ClCompile>
    <ClCompile Include="GUI\Resources\GUI_Font8_1_2.cc">
      <Filter>GUI\Resources</Filter>
    </ClCompile>
    <ClCompile Include="GUI\Resources\GUI_Font8_ASCII.cc">
      <Filter>GUI\Resources</Filter>
    </ClCompile>
    <ClCompile Include="GUI\Resources\GUI_Font13_1.cc">
      <Filter>GUI\Resources</Filter>
    </ClCompile>
    <ClCompile Include="GUI\Resources\GUI_Font13_ASCII.cc">
      <Filter>GUI\Resources</Filter>
    </ClCompile>
    <ClCompile Include="GUI\Resources\GUI_CursorArrowL.cc">
      <Filter>GUI\Resources</Filter>
    </ClCompile>
    <ClCompile Include="GUI\Resources\GUI_CursorArrowM.cc">
      <Filter>GUI\Resources</Filter>
    </ClCompile>
    <ClCompile Include="GUI\Resources\GUI_CursorArrowS.cc">
      <Filter>GUI\Resources</Filter>
    </ClCompile>
    <ClCompile Include="GUI\Resources\GUI_CursorCrossL.cc">
      <Filter>GUI\Resources</Filter>
    </ClCompile>
    <ClCompile Include="GUI\Resources\GUI_CursorCrossM.cc">
      <Filter>GUI\Resources</Filter>
    </ClCompile>
    <ClCompile Include="GUI\Resources\GUI_CursorCrossS.cc">
      <Filter>GUI\Resources</Filter>
    </ClCompile>
    <ClCompile Include="GUI\Resources\GUI_CursorHeaderM.cc">
      <Filter>GUI\Resources</Filter>
    </ClCompile>
  </ItemGroup>
  <ItemGroup>
    <ClInclude Include="GUI\Widget\Button.h">
      <Filter>GUI\Widget\Controls</Filter>
    </ClInclude>
    <ClInclude Include="GUI\Widget\CheckBox.h">
      <Filter>GUI\Widget\Controls</Filter>
    </ClInclude>
    <ClInclude Include="GUI\Widget\DropDown.h">
      <Filter>GUI\Widget\Controls</Filter>
    </ClInclude>
    <ClInclude Include="GUI\Widget\Edit.h">
      <Filter>GUI\Widget\Controls</Filter>
    </ClInclude>
    <ClInclude Include="GUI\Widget\Header.h">
      <Filter>GUI\Widget\Controls</Filter>
    </ClInclude>
    <ClInclude Include="GUI\Widget\ListBox.h">
      <Filter>GUI\Widget\Controls</Filter>
    </ClInclude>
    <ClInclude Include="GUI\Widget\ListView.h">
      <Filter>GUI\Widget\Controls</Filter>
    </ClInclude>
    <ClInclude Include="GUI\Widget\Menu.h">
      <Filter>GUI\Widget\Controls</Filter>
    </ClInclude>
    <ClInclude Include="GUI\Widget\MultiEdit.h">
      <Filter>GUI\Widget\Controls</Filter>
    </ClInclude>
    <ClInclude Include="GUI\Widget\MultiPage.h">
      <Filter>GUI\Widget\Controls</Filter>
    </ClInclude>
    <ClInclude Include="GUI\Widget\ProgBar.h">
      <Filter>GUI\Widget\Controls</Filter>
    </ClInclude>
    <ClInclude Include="GUI\Widget\Radio.h">
      <Filter>GUI\Widget\Controls</Filter>
    </ClInclude>
    <ClInclude Include="GUI\Widget\ScrollBar.h">
      <Filter>GUI\Widget\Controls</Filter>
    </ClInclude>
    <ClInclude Include="GUI\Widget\Slider.h">
      <Filter>GUI\Widget\Controls</Filter>
    </ClInclude>
    <ClInclude Include="GUI\Widget\Static.h">
      <Filter>GUI\Widget\Controls</Filter>
    </ClInclude>
    <ClInclude Include="GUI\Widget\WM.h">
      <Filter>GUI\Widget</Filter>
    </ClInclude>
    <ClInclude Include="GUI\Widget\Frame.h">
      <Filter>GUI\Widget\Controls</Filter>
    </ClInclude>
    <ClInclude Include="GUI\GUI.h">
      <Filter>GUI</Filter>
    </ClInclude>
    <ClInclude Include="GUI\GUI_Array.h">
      <Filter>GUI</Filter>
    </ClInclude>
  </ItemGroup>
  <ItemGroup>
    <None Include="GUI\GUI__CharPix.inl">
      <Filter>GUI</Filter>
    </None>
    <None Include="GUI\GUI__ID.inl">
      <Filter>GUI</Filter>
    </None>
  </ItemGroup>
</Project>