<?xml version="1.0" encoding="utf-8"?>
<Project ToolsVersion="4.0" xmlns="http://schemas.microsoft.com/developer/msbuild/2003">
  <ItemGroup>
    <Filter Include="GUI">
      <UniqueIdentifier>{1e71d23b-ba10-4d64-b0ee-6c766f2b19db}</UniqueIdentifier>
    </Filter>
    <Filter Include="GUI_X_LCD">
      <UniqueIdentifier>{206fdd61-b446-4ded-be6c-4021f972e1d1}</UniqueIdentifier>
    </Filter>
    <Filter Include="tests">
      <UniqueIdentifier>{de1c55d6-989f-4081-b89d-594e4c4eaec3}</UniqueIdentifier>
    </Filter>
    <Filter Include="GUI\Resources">
      <UniqueIdentifier>{0df0d7fb-2e9c-43ef-9387-4b5eae5e8764}</UniqueIdentifier>
    </Filter>
    <Filter Include="GUI\Widgets">
      <UniqueIdentifier>{ae0b581c-15b7-4d6b-ae36-0f243ef12aab}</UniqueIdentifier>
    </Filter>
    <Filter Include="duktape">
      <UniqueIdentifier>{08cf5063-1624-4551-b5c6-825d3976d25d}</UniqueIdentifier>
    </Filter>
    <Filter Include="GUI_X_JS">
      <UniqueIdentifier>{cf5685d3-5e25-4b9f-8ea3-9d0d30a3fe5c}</UniqueIdentifier>
    </Filter>
  </ItemGroup>
  <ItemGroup>
    <ClCompile Include="GUI_X\GUI_X_LCD.cpp">
      <Filter>GUI_X_LCD</Filter>
    </ClCompile>
    <ClCompile Include="main.cc" />
    <ClCompile Include="tests\test_listbox_dropdown.cpp">
      <Filter>tests</Filter>
    </ClCompile>
    <ClCompile Include="tests\test_osk.cc">
      <Filter>tests</Filter>
    </ClCompile>
    <ClCompile Include="tests\test_checkbox_radio.cpp">
      <Filter>tests</Filter>
    </ClCompile>
    <ClCompile Include="tests\test_slider_progbar.cpp">
      <Filter>tests</Filter>
    </ClCompile>
    <ClCompile Include="GUI\GUI_Memory.cpp">
      <Filter>GUI</Filter>
    </ClCompile>
    <ClCompile Include="GUI\GUI.cpp">
      <Filter>GUI</Filter>
    </ClCompile>
    <ClCompile Include="GUI\Widgets\Button.cpp">
      <Filter>GUI\Widgets</Filter>
    </ClCompile>
    <ClCompile Include="GUI\Widgets\CheckBox.cpp">
      <Filter>GUI\Widgets</Filter>
    </ClCompile>
    <ClCompile Include="GUI\Widgets\DropDown.cpp">
      <Filter>GUI\Widgets</Filter>
    </ClCompile>
    <ClCompile Include="GUI\Widgets\Frame.cpp">
      <Filter>GUI\Widgets</Filter>
    </ClCompile>
    <ClCompile Include="GUI\Widgets\ListBox.cpp">
      <Filter>GUI\Widgets</Filter>
    </ClCompile>
    <ClCompile Include="GUI\Widgets\Menu.cpp">
      <Filter>GUI\Widgets</Filter>
    </ClCompile>
    <ClCompile Include="GUI\Widgets\ProgBar.cpp">
      <Filter>GUI\Widgets</Filter>
    </ClCompile>
    <ClCompile Include="GUI\Widgets\Radio.cpp">
      <Filter>GUI\Widgets</Filter>
    </ClCompile>
    <ClCompile Include="GUI\Widgets\ScrollBar.cpp">
      <Filter>GUI\Widgets</Filter>
    </ClCompile>
    <ClCompile Include="GUI\Widgets\Slider.cpp">
      <Filter>GUI\Widgets</Filter>
    </ClCompile>
    <ClCompile Include="GUI\Widgets\Static.cpp">
      <Filter>GUI\Widgets</Filter>
    </ClCompile>
    <ClCompile Include="GUI\WM.cpp">
      <Filter>GUI</Filter>
    </ClCompile>
    <ClCompile Include="GUI\Resources\GUI_CursorArrowM.cpp">
      <Filter>GUI\Resources</Filter>
    </ClCompile>
    <ClCompile Include="GUI\Resources\GUI_Font13_1.cpp">
      <Filter>GUI\Resources</Filter>
    </ClCompile>
    <ClCompile Include="GUI\Resources\GUI_Font13_ASCII.cpp">
      <Filter>GUI\Resources</Filter>
    </ClCompile>
    <ClCompile Include="tests\test_frame.cpp">
      <Filter>tests</Filter>
    </ClCompile>
    <ClCompile Include="tests\test_menu.cpp">
      <Filter>tests</Filter>
    </ClCompile>
    <ClCompile Include="tests\test_static.cpp">
      <Filter>tests</Filter>
    </ClCompile>
    <ClCompile Include="GUI\Resources\GUI_CursorResize.cpp">
      <Filter>GUI\Resources</Filter>
    </ClCompile>
    <ClCompile Include="tests\test_ctl_edit.cpp">
      <Filter>tests</Filter>
    </ClCompile>
    <ClCompile Include="GUI\Widgets\ListView.cpp">
      <Filter>GUI\Widgets</Filter>
    </ClCompile>
    <ClCompile Include="GUI\Widgets\Header.cpp">
      <Filter>GUI\Widgets</Filter>
    </ClCompile>
    <ClCompile Include="GUI\Widgets\MultiPage.cc">
      <Filter>GUI\Widgets</Filter>
    </ClCompile>
    <ClCompile Include="duktape\duktape.c">
      <Filter>duktape</Filter>
    </ClCompile>
    <ClCompile Include="GUI_X_JS\GUI_X_JS.cpp">
      <Filter>GUI_X_JS</Filter>
    </ClCompile>
  </ItemGroup>
  <ItemGroup>
    <ClInclude Include="GUI\GUI.h">
      <Filter>GUI</Filter>
    </ClInclude>
    <ClInclude Include="GUI\GUI_Array.h">
      <Filter>GUI</Filter>
    </ClInclude>
    <ClInclude Include="GUI\Widgets\Button.h">
      <Filter>GUI\Widgets</Filter>
    </ClInclude>
    <ClInclude Include="GUI\Widgets\CheckBox.h">
      <Filter>GUI\Widgets</Filter>
    </ClInclude>
    <ClInclude Include="GUI\Widgets\DropDown.h">
      <Filter>GUI\Widgets</Filter>
    </ClInclude>
    <ClInclude Include="GUI\Widgets\Frame.h">
      <Filter>GUI\Widgets</Filter>
    </ClInclude>
    <ClInclude Include="GUI\Widgets\ListBox.h">
      <Filter>GUI\Widgets</Filter>
    </ClInclude>
    <ClInclude Include="GUI\Widgets\Menu.h">
      <Filter>GUI\Widgets</Filter>
    </ClInclude>
    <ClInclude Include="GUI\Widgets\ProgBar.h">
      <Filter>GUI\Widgets</Filter>
    </ClInclude>
    <ClInclude Include="GUI\Widgets\Radio.h">
      <Filter>GUI\Widgets</Filter>
    </ClInclude>
    <ClInclude Include="GUI\Widgets\ScrollBar.h">
      <Filter>GUI\Widgets</Filter>
    </ClInclude>
    <ClInclude Include="GUI\Widgets\Slider.h">
      <Filter>GUI\Widgets</Filter>
    </ClInclude>
    <ClInclude Include="GUI\Widgets\Static.h">
      <Filter>GUI\Widgets</Filter>
    </ClInclude>
    <ClInclude Include="GUI\WM.h">
      <Filter>GUI</Filter>
    </ClInclude>
    <ClInclude Include="resource.h" />
    <ClInclude Include="GUI\Widgets\ListView.h">
      <Filter>GUI\Widgets</Filter>
    </ClInclude>
    <ClInclude Include="GUI\Widgets\Header.h">
      <Filter>GUI\Widgets</Filter>
    </ClInclude>
    <ClInclude Include="GUI\Widgets\MultiPage.h">
      <Filter>GUI\Widgets</Filter>
    </ClInclude>
    <ClInclude Include="duktape\duktape.h">
      <Filter>duktape</Filter>
    </ClInclude>
    <ClInclude Include="GUI_X_JS\duk_config.h">
      <Filter>GUI_X_JS</Filter>
    </ClInclude>
    <ClInclude Include="GUI_X_JS\GUI_X_JS.h">
      <Filter>GUI_X_JS</Filter>
    </ClInclude>
  </ItemGroup>
  <ItemGroup>
    <None Include="GUI\GUI.inl">
      <Filter>GUI</Filter>
    </None>
    <None Include="GUI\WM.inl">
      <Filter>GUI</Filter>
    </None>
    <None Include="GUI\Resources\Resources.inl">
      <Filter>GUI\Resources</Filter>
    </None>
  </ItemGroup>
  <ItemGroup>
    <ResourceCompile Include="TUI.rc" />
  </ItemGroup>
</Project>