<?xml version="1.0" encoding="utf-8"?>
<Project ToolsVersion="4.0" xmlns="http://schemas.microsoft.com/developer/msbuild/2003">
  <ItemGroup>
    <Filter Include="duktape">
      <UniqueIdentifier>{15cc491f-1eac-449a-b08d-da618686c08d}</UniqueIdentifier>
    </Filter>
  </ItemGroup>
  <ItemGroup>
    <ClCompile Include="duktape.c">
      <Filter>duktape</Filter>
    </ClCompile>
    <ClCompile Include="duktape_test.cpp" />
  </ItemGroup>
  <ItemGroup>
    <ClInclude Include="duktape.h">
      <Filter>duktape</Filter>
    </ClInclude>
    <ClInclude Include="duk_config.h" />
  </ItemGroup>
</Project>